
Microsoft Visual Studio Solution File, Format Version 12.00
# Visual Studio Version 17
VisualStudioVersion = 17.14.36203.30
MinimumVisualStudioVersion = 10.0.40219.1
Project("{FAE04EC0-301F-11D3-BF4B-00C04F79EFBC}") = "DRR-PAGE-BLAZOR", "DRR-PAGE-BLAZOR\DRR-PAGE-BLAZOR.csproj", "{961B324A-1112-488A-A00F-674351E4822C}"
EndProject
Global
	GlobalSection(SolutionConfigurationPlatforms) = preSolution
		Debug|Any CPU = Debug|Any CPU
		Release|Any CPU = Release|Any CPU
	EndGlobalSection
	GlobalSection(ProjectConfigurationPlatforms) = postSolution
		{961B324A-1112-488A-A00F-674351E4822C}.Debug|Any CPU.ActiveCfg = Debug|Any CPU
		{961B324A-1112-488A-A00F-674351E4822C}.Debug|Any CPU.Build.0 = Debug|Any CPU
		{961B324A-1112-488A-A00F-674351E4822C}.Release|Any CPU.ActiveCfg = Release|Any CPU
		{961B324A-1112-488A-A00F-674351E4822C}.Release|Any CPU.Build.0 = Release|Any CPU
	EndGlobalSection
	GlobalSection(SolutionProperties) = preSolution
		HideSolutionNode = FALSE
	EndGlobalSection
	GlobalSection(ExtensibilityGlobals) = postSolution
		SolutionGuid = {6F0D6ABD-EA4E-416F-B900-060004632720}
	EndGlobalSection
EndGlobal
